
Microsoft Visual Studio Solution File, Format Version 12.00
# Visual Studio Version 16
VisualStudioVersion = 16.0.31019.35
MinimumVisualStudioVersion = 10.0.40219.1
Project("{8BC9CEB8-8B4A-11D0-8D11-00A0C91BC942}") = "UndoRedoFeature", "UndoRedoFeature.vcxproj", "{ADDBFE12-E83F-42B6-ACE2-5765848EAFBC}"
EndProject
Global
	GlobalSection(SolutionConfigurationPlatforms) = preSolution
		Debug|x64 = Debug|x64
		Debug|x86 = Debug|x86
		Release|x64 = Release|x64
		Release|x86 = Release|x86
	EndGlobalSection
	GlobalSection(ProjectConfigurationPlatforms) = postSolution
		{ADDBFE12-E83F-42B6-ACE2-5765848EAFBC}.Debug|x64.ActiveCfg = Debug|x64
		{ADDBFE12-E83F-42B6-ACE2-5765848EAFBC}.Debug|x64.Build.0 = Debug|x64
		{ADDBFE12-E83F-42B6-ACE2-5765848EAFBC}.Debug|x86.ActiveCfg = Debug|Win32
		{ADDBFE12-E83F-42B6-ACE2-5765848EAFBC}.Debug|x86.Build.0 = Debug|Win32
		{ADDBFE12-E83F-42B6-ACE2-5765848EAFBC}.Release|x64.ActiveCfg = Release|x64
		{ADDBFE12-E83F-42B6-ACE2-5765848EAFBC}.Release|x64.Build.0 = Release|x64
		{ADDBFE12-E83F-42B6-ACE2-5765848EAFBC}.Release|x86.ActiveCfg = Release|Win32
		{ADDBFE12-E83F-42B6-ACE2-5765848EAFBC}.Release|x86.Build.0 = Release|Win32
	EndGlobalSection
	GlobalSection(SolutionProperties) = preSolution
		HideSolutionNode = FALSE
	EndGlobalSection
	GlobalSection(ExtensibilityGlobals) = postSolution
		SolutionGuid = {3A391F7C-6F71-465F-A444-9D26CD5BC34E}
	EndGlobalSection
EndGlobal
